
Microsoft Visual Studio Solution File, Format Version 12.00
# Visual Studio Version 17
VisualStudioVersion = 17.6.33723.286
MinimumVisualStudioVersion = 10.0.40219.1
Project("{FAE04EC0-301F-11D3-BF4B-00C04F79EFBC}") = "TerminalApi", "TerminalApi.csproj", "{5CE3332F-E3A6-4040-A1F7-6300C38DB058}"
EndProject
Global
	GlobalSection(SolutionConfigurationPlatforms) = preSolution
		Debug|Any CPU = Debug|Any CPU
		Release|Any CPU = Release|Any CPU
	EndGlobalSection
	GlobalSection(ProjectConfigurationPlatforms) = postSolution
		{5CE3332F-E3A6-4040-A1F7-6300C38DB058}.Debug|Any CPU.ActiveCfg = Debug|Any CPU
		{5CE3332F-E3A6-4040-A1F7-6300C38DB058}.Debug|Any CPU.Build.0 = Debug|Any CPU
		{5CE3332F-E3A6-4040-A1F7-6300C38DB058}.Release|Any CPU.ActiveCfg = Release|Any CPU
		{5CE3332F-E3A6-4040-A1F7-6300C38DB058}.Release|Any CPU.Build.0 = Release|Any CPU
	EndGlobalSection
	GlobalSection(SolutionProperties) = preSolution
		HideSolutionNode = FALSE
	EndGlobalSection
	GlobalSection(ExtensibilityGlobals) = postSolution
		SolutionGuid = {E10B429C-EE93-4672-BE71-9AEBC867E396}
	EndGlobalSection
EndGlobal
